
Microsoft Visual Studio Solution File, Format Version 12.00
# Visual Studio 15
VisualStudioVersion = 15.0.27703.2035
MinimumVisualStudioVersion = 15.0.0.0
Project("{FAE04EC0-301F-11D3-BF4B-00C04F79EFBC}") = "EProjectFile", "EProjectFile\EProjectFile.csproj", "{702755B9-2203-4D4A-A208-4AA1A6AD328B}"
EndProject
Global
	GlobalSection(SolutionConfigurationPlatforms) = preSolution
		Debug|Any CPU = Debug|Any CPU
		Release|Any CPU = Release|Any CPU
	EndGlobalSection
	GlobalSection(ProjectConfigurationPlatforms) = postSolution
		{702755B9-2203-4D4A-A208-4AA1A6AD328B}.Debug|Any CPU.ActiveCfg = Debug|Any CPU
		{702755B9-2203-4D4A-A208-4AA1A6AD328B}.Debug|Any CPU.Build.0 = Debug|Any CPU
		{702755B9-2203-4D4A-A208-4AA1A6AD328B}.Release|Any CPU.ActiveCfg = Release|Any CPU
		{702755B9-2203-4D4A-A208-4AA1A6AD328B}.Release|Any CPU.Build.0 = Release|Any CPU
	EndGlobalSection
	GlobalSection(SolutionProperties) = preSolution
		HideSolutionNode = FALSE
	EndGlobalSection
	GlobalSection(ExtensibilityGlobals) = postSolution
		SolutionGuid = {780DC048-A079-4BFD-B965-6DCC242083CD}
	EndGlobalSection
EndGlobal
